{
  "name": "contrast-checker",
  "version": "0.0.1",
  "lockfileVersion": 2,
  "requires": true,
  "packages": {
    "": {
      "name": "contrast-checker",
      "version": "0.0.1",
      "license": "MPL-2.0",
      "dependencies": {
        "bridge-pca": "^0.1.6",
        "colorjs.io": "^0.4.5"
      }
    },
    "node_modules/bridge-pca": {
      "version": "0.1.6",
      "resolved": "https://registry.npmjs.org/bridge-pca/-/bridge-pca-0.1.6.tgz",
      "integrity": "sha512-T76uSAQyhm0ldtSJ7UpkyM4EmAXxRP6uAlQYxZcGqPSAzNQ9d5jjQWbwgWLg7MK7QahHp6V5IYIpgewPw+u92A==",
      "dependencies": {
        "colorparsley": "^0.1.6"
      }
    },
    "node_modules/colorjs.io": {
      "version": "0.4.5",
      "resolved": "https://registry.npmjs.org/colorjs.io/-/colorjs.io-0.4.5.tgz",
      "integrity": "sha512-yCtUNCmge7llyfd/Wou19PMAcf5yC3XXhgFoAh6zsO2pGswhUPBaaUh8jzgHnXtXuZyFKzXZNAnyF5i+apICow=="
    },
    "node_modules/colorparsley": {
      "version": "0.1.8",
      "resolved": "https://registry.npmjs.org/colorparsley/-/colorparsley-0.1.8.tgz",
      "integrity": "sha512-rObESTTTE6G5qO5WFwFxWPggpw4KfpxnLC6Ssl8bITBnNVRhDsyCeTRAUxWQNVTx2pRknKlO2nddYTxjkdNFaw=="
    }
  },
  "dependencies": {
    "bridge-pca": {
      "version": "0.1.6",
      "resolved": "https://registry.npmjs.org/bridge-pca/-/bridge-pca-0.1.6.tgz",
      "integrity": "sha512-T76uSAQyhm0ldtSJ7UpkyM4EmAXxRP6uAlQYxZcGqPSAzNQ9d5jjQWbwgWLg7MK7QahHp6V5IYIpgewPw+u92A==",
      "requires": {
        "colorparsley": "^0.1.6"
      }
    },
    "colorjs.io": {
      "version": "0.4.5",
      "resolved": "https://registry.npmjs.org/colorjs.io/-/colorjs.io-0.4.5.tgz",
      "integrity": "sha512-yCtUNCmge7llyfd/Wou19PMAcf5yC3XXhgFoAh6zsO2pGswhUPBaaUh8jzgHnXtXuZyFKzXZNAnyF5i+apICow=="
    },
    "colorparsley": {
      "version": "0.1.8",
      "resolved": "https://registry.npmjs.org/colorparsley/-/colorparsley-0.1.8.tgz",
      "integrity": "sha512-rObESTTTE6G5qO5WFwFxWPggpw4KfpxnLC6Ssl8bITBnNVRhDsyCeTRAUxWQNVTx2pRknKlO2nddYTxjkdNFaw=="
    }
  }
}
